{
  "nodes": {
    "flake-parts": {
      "inputs": {
        "nixpkgs-lib": "nixpkgs-lib"
      },
      "locked": {
        "lastModified": 1735774679,
        "narHash": "sha256-soePLBazJk0qQdDVhdbM98vYdssfs3WFedcq+raipRI=",
        "owner": "hercules-ci",
        "repo": "flake-parts",
        "rev": "f2f7418ce0ab4a5309a4596161d154cfc877af66",
        "type": "github"
      },
      "original": {
        "owner": "hercules-ci",
        "repo": "flake-parts",
        "type": "github"
      }
    },
    "flake-root": {
      "locked": {
        "lastModified": 1723604017,
        "narHash": "sha256-rBtQ8gg+Dn4Sx/s+pvjdq3CB2wQNzx9XGFq/JVGCB6k=",
        "owner": "srid",
        "repo": "flake-root",
        "rev": "b759a56851e10cb13f6b8e5698af7b59c44be26e",
        "type": "github"
      },
      "original": {
        "owner": "srid",
        "repo": "flake-root",
        "type": "github"
      }
    },
    "flake-schemas": {
      "locked": {
        "lastModified": 1721999734,
        "narHash": "sha256-G5CxYeJVm4lcEtaO87LKzOsVnWeTcHGKbKxNamNWgOw=",
        "rev": "0a5c42297d870156d9c57d8f99e476b738dcd982",
        "revCount": 75,
        "type": "tarball",
        "url": "https://api.flakehub.com/f/pinned/DeterminateSystems/flake-schemas/0.1.5/0190ef2f-61e0-794b-ba14-e82f225e55e6/source.tar.gz"
      },
      "original": {
        "type": "tarball",
        "url": "https://flakehub.com/f/DeterminateSystems/flake-schemas/%2A"
      }
    },
    "helix": {
      "inputs": {
        "nixpkgs": "nixpkgs",
        "rust-overlay": "rust-overlay"
      },
      "locked": {
        "lastModified": 1759850138,
        "narHash": "sha256-fYHIxjTvVIAEDWzenUROuzDPxy1rBCXZNPgh4b1dfgo=",
        "owner": "helix-editor",
        "repo": "helix",
        "rev": "5b0563419eeeaf0595c848865c46be4abad246a7",
        "type": "github"
      },
      "original": {
        "owner": "helix-editor",
        "repo": "helix",
        "type": "github"
      }
    },
    "home-manager": {
      "inputs": {
        "nixpkgs": "nixpkgs_2"
      },
      "locked": {
        "lastModified": 1758593331,
        "narHash": "sha256-p+904PfmINyekyA/LieX3IYGsiFtExC00v5gSYfJtpM=",
        "owner": "nix-community",
        "repo": "home-manager",
        "rev": "9a2dc0efbc569ce9352a6ffb8e8ec8dbc098e142",
        "type": "github"
      },
      "original": {
        "owner": "nix-community",
        "repo": "home-manager",
        "type": "github"
      }
    },
    "kmonad": {
      "inputs": {
        "nixpkgs": "nixpkgs_3"
      },
      "locked": {
        "dir": "nix",
        "lastModified": 1755275124,
        "narHash": "sha256-nZY/3Wx+sILtwpNbWuGkzgwxdTEcLCOCIAiKZ9k55PU=",
        "ref": "refs/heads/master",
        "rev": "a38004ff4df4beda648ec5b1374173d3192d61ae",
        "revCount": 991,
        "submodules": true,
        "type": "git",
        "url": "https://github.com/kmonad/kmonad"
      },
      "original": {
        "dir": "nix",
        "submodules": true,
        "type": "git",
        "url": "https://github.com/kmonad/kmonad"
      }
    },
    "niri": {
      "inputs": {
        "niri-stable": "niri-stable",
        "niri-unstable": "niri-unstable",
        "nixpkgs": "nixpkgs_4",
        "nixpkgs-stable": "nixpkgs-stable",
        "xwayland-satellite-stable": "xwayland-satellite-stable",
        "xwayland-satellite-unstable": "xwayland-satellite-unstable"
      },
      "locked": {
        "lastModified": 1758613710,
        "narHash": "sha256-y+1P5PZpis2C0ouxvecNPQSvYw73QiiQrOkGgMylnq8=",
        "owner": "sodiboo",
        "repo": "niri-flake",
        "rev": "4f2dd01567e4e988eb57a90bc21896bac4a7b06a",
        "type": "github"
      },
      "original": {
        "owner": "sodiboo",
        "repo": "niri-flake",
        "type": "github"
      }
    },
    "niri-stable": {
      "flake": false,
      "locked": {
        "lastModified": 1756556321,
        "narHash": "sha256-RLD89dfjN0RVO86C/Mot0T7aduCygPGaYbog566F0Qo=",
        "owner": "YaLTeR",
        "repo": "niri",
        "rev": "01be0e65f4eb91a9cd624ac0b76aaeab765c7294",
        "type": "github"
      },
      "original": {
        "owner": "YaLTeR",
        "ref": "v25.08",
        "repo": "niri",
        "type": "github"
      }
    },
    "niri-unstable": {
      "flake": false,
      "locked": {
        "lastModified": 1758552132,
        "narHash": "sha256-GYcO5NbOY5vfY3iygWjOaZy+nYzemP0kacJ5z5E3P3Y=",
        "owner": "YaLTeR",
        "repo": "niri",
        "rev": "4d4d968d97ebe633d8910ec65908e1ea75fc2b6d",
        "type": "github"
      },
      "original": {
        "owner": "YaLTeR",
        "repo": "niri",
        "type": "github"
      }
    },
    "nixos-hardware": {
      "locked": {
        "lastModified": 1757943327,
        "narHash": "sha256-w6cDExPBqbq7fTLo4dZ1ozDGeq3yV6dSN4n/sAaS6OM=",
        "owner": "NixOS",
        "repo": "nixos-hardware",
        "rev": "67a709cfe5d0643dafd798b0b613ed579de8be05",
        "type": "github"
      },
      "original": {
        "owner": "NixOS",
        "ref": "master",
        "repo": "nixos-hardware",
        "type": "github"
      }
    },
    "nixpkgs": {
      "locked": {
        "lastModified": 1740560979,
        "narHash": "sha256-Vr3Qi346M+8CjedtbyUevIGDZW8LcA1fTG0ugPY/Hic=",
        "owner": "nixos",
        "repo": "nixpkgs",
        "rev": "5135c59491985879812717f4c9fea69604e7f26f",
        "type": "github"
      },
      "original": {
        "owner": "nixos",
        "ref": "nixos-unstable",
        "repo": "nixpkgs",
        "type": "github"
      }
    },
    "nixpkgs-lib": {
      "locked": {
        "lastModified": 1735774519,
        "narHash": "sha256-CewEm1o2eVAnoqb6Ml+Qi9Gg/EfNAxbRx1lANGVyoLI=",
        "type": "tarball",
        "url": "https://github.com/NixOS/nixpkgs/archive/e9b51731911566bbf7e4895475a87fe06961de0b.tar.gz"
      },
      "original": {
        "type": "tarball",
        "url": "https://github.com/NixOS/nixpkgs/archive/e9b51731911566bbf7e4895475a87fe06961de0b.tar.gz"
      }
    },
    "nixpkgs-stable": {
      "locked": {
        "lastModified": 1758346548,
        "narHash": "sha256-afXE7AJ7MY6wY1pg/Y6UPHNYPy5GtUKeBkrZZ/gC71E=",
        "owner": "NixOS",
        "repo": "nixpkgs",
        "rev": "b2a3852bd078e68dd2b3dfa8c00c67af1f0a7d20",
        "type": "github"
      },
      "original": {
        "owner": "NixOS",
        "ref": "nixos-25.05",
        "repo": "nixpkgs",
        "type": "github"
      }
    },
    "nixpkgs-unstable": {
      "locked": {
        "lastModified": 1758427187,
        "narHash": "sha256-pHpxZ/IyCwoTQPtFIAG2QaxuSm8jWzrzBGjwQZIttJc=",
        "owner": "NixOS",
        "repo": "nixpkgs",
        "rev": "554be6495561ff07b6c724047bdd7e0716aa7b46",
        "type": "github"
      },
      "original": {
        "owner": "NixOS",
        "ref": "nixos-unstable",
        "repo": "nixpkgs",
        "type": "github"
      }
    },
    "nixpkgs_2": {
      "locked": {
        "lastModified": 1758277210,
        "narHash": "sha256-iCGWf/LTy+aY0zFu8q12lK8KuZp7yvdhStehhyX1v8w=",
        "owner": "NixOS",
        "repo": "nixpkgs",
        "rev": "8eaee110344796db060382e15d3af0a9fc396e0e",
        "type": "github"
      },
      "original": {
        "owner": "NixOS",
        "ref": "nixos-unstable",
        "repo": "nixpkgs",
        "type": "github"
      }
    },
    "nixpkgs_3": {
      "locked": {
        "lastModified": 1744157173,
        "narHash": "sha256-bWSjxDwq7iVePrhmA7tY2dyMWHuNJo8knkO4y+q4ZkY=",
        "owner": "NixOS",
        "repo": "nixpkgs",
        "rev": "6a39c6e495eefabc935d8ddf66aa45d85b85fa3f",
        "type": "github"
      },
      "original": {
        "owner": "NixOS",
        "ref": "nixpkgs-unstable",
        "repo": "nixpkgs",
        "type": "github"
      }
    },
    "nixpkgs_4": {
      "locked": {
        "lastModified": 1758427187,
        "narHash": "sha256-pHpxZ/IyCwoTQPtFIAG2QaxuSm8jWzrzBGjwQZIttJc=",
        "owner": "NixOS",
        "repo": "nixpkgs",
        "rev": "554be6495561ff07b6c724047bdd7e0716aa7b46",
        "type": "github"
      },
      "original": {
        "owner": "NixOS",
        "ref": "nixos-unstable",
        "repo": "nixpkgs",
        "type": "github"
      }
    },
    "nixpkgs_5": {
      "locked": {
        "lastModified": 1737632463,
        "narHash": "sha256-38J9QfeGSej341ouwzqf77WIHAScihAKCt8PQJ+NH28=",
        "owner": "NixOS",
        "repo": "nixpkgs",
        "rev": "0aa475546ed21629c4f5bbf90e38c846a99ec9e9",
        "type": "github"
      },
      "original": {
        "owner": "NixOS",
        "ref": "nixos-unstable",
        "repo": "nixpkgs",
        "type": "github"
      }
    },
    "root": {
      "inputs": {
        "helix": "helix",
        "home-manager": "home-manager",
        "kmonad": "kmonad",
        "niri": "niri",
        "nixos-hardware": "nixos-hardware",
        "nixpkgs-unstable": "nixpkgs-unstable",
        "spbased": "spbased"
      }
    },
    "rust-overlay": {
      "inputs": {
        "nixpkgs": [
          "helix",
          "nixpkgs"
        ]
      },
      "locked": {
        "lastModified": 1740623427,
        "narHash": "sha256-3SdPQrZoa4odlScFDUHd4CUPQ/R1gtH4Mq9u8CBiK8M=",
        "owner": "oxalica",
        "repo": "rust-overlay",
        "rev": "d342e8b5fd88421ff982f383c853f0fc78a847ab",
        "type": "github"
      },
      "original": {
        "owner": "oxalica",
        "repo": "rust-overlay",
        "type": "github"
      }
    },
    "rust-overlay_2": {
      "inputs": {
        "nixpkgs": [
          "spbased",
          "nixpkgs"
        ]
      },
      "locked": {
        "lastModified": 1737685583,
        "narHash": "sha256-p+NVABRpGi+pT+xxf9HcLcFVxG6L+vEEy+NwzB9T0f8=",
        "owner": "oxalica",
        "repo": "rust-overlay",
        "rev": "eb64cbcc8eee0fa87ebded92805280d2ec97415a",
        "type": "github"
      },
      "original": {
        "owner": "oxalica",
        "repo": "rust-overlay",
        "type": "github"
      }
    },
    "spbased": {
      "inputs": {
        "flake-parts": "flake-parts",
        "flake-root": "flake-root",
        "flake-schemas": "flake-schemas",
        "nixpkgs": "nixpkgs_5",
        "rust-overlay": "rust-overlay_2"
      },
      "locked": {
        "lastModified": 1748351993,
        "narHash": "sha256-g2hQ5P/SsOWuhqg2YfWX41WB43ftvcvCgzPGeC4VgxA=",
        "owner": "lakrestofer",
        "repo": "spbased",
        "rev": "2896ef6501ac6ac0090d60506515b44491a80dd2",
        "type": "github"
      },
      "original": {
        "owner": "lakrestofer",
        "repo": "spbased",
        "type": "github"
      }
    },
    "xwayland-satellite-stable": {
      "flake": false,
      "locked": {
        "lastModified": 1755491097,
        "narHash": "sha256-m+9tUfsmBeF2Gn4HWa6vSITZ4Gz1eA1F5Kh62B0N4oE=",
        "owner": "Supreeeme",
        "repo": "xwayland-satellite",
        "rev": "388d291e82ffbc73be18169d39470f340707edaa",
        "type": "github"
      },
      "original": {
        "owner": "Supreeeme",
        "ref": "v0.7",
        "repo": "xwayland-satellite",
        "type": "github"
      }
    },
    "xwayland-satellite-unstable": {
      "flake": false,
      "locked": {
        "lastModified": 1758577423,
        "narHash": "sha256-sB2GAOjhjoWnjU6A/uHNJiY6O3UeztV5pJAN2g1FkXU=",
        "owner": "Supreeeme",
        "repo": "xwayland-satellite",
        "rev": "03368548ba745e17a85bd631613a59cb2d8469a4",
        "type": "github"
      },
      "original": {
        "owner": "Supreeeme",
        "repo": "xwayland-satellite",
        "type": "github"
      }
    }
  },
  "root": "root",
  "version": 7
}
